{
  "name": "mdmath",
  "version": "2.3.8",
  "lockfileVersion": 1,
  "requires": true,
  "dependencies": {
    "arch": {
      "version": "2.1.1",
      "resolved": "https://registry.npmjs.org/arch/-/arch-2.1.1.tgz",
      "integrity": "sha512-BLM56aPo9vLLFVa8+/+pJLnrZ7QGGTVHWsCwieAWT9o9K8UeGaQbzZbGoabWLOo2ksBCztoXdqBZBplqLDDCSg=="
    },
    "argparse": {
      "version": "1.0.10",
      "resolved": "https://registry.npmjs.org/argparse/-/argparse-1.0.10.tgz",
      "integrity": "sha1-vNZ5HqWuCXJeF+WtmIE0zUCz2RE=",
      "requires": {
        "sprintf-js": "~1.0.2"
      },
      "dependencies": {
        "sprintf-js": {
          "version": "1.0.3",
          "resolved": "https://registry.npmjs.org/sprintf-js/-/sprintf-js-1.0.3.tgz",
          "integrity": "sha1-BOaSb2YolTVPPdAVIDYzuFcpfiw="
        }
      }
    },
    "clipboardy": {
      "version": "1.2.3",
      "resolved": "https://registry.npmjs.org/clipboardy/-/clipboardy-1.2.3.tgz",
      "integrity": "sha1-BSY2G/eHJMHyC+JI1CjjZUM8B+8=",
      "requires": {
        "arch": "^2.1.0",
        "execa": "^0.8.0"
      },
      "dependencies": {
        "cross-spawn": {
          "version": "5.1.0",
          "resolved": "https://registry.npmjs.org/cross-spawn/-/cross-spawn-5.1.0.tgz",
          "integrity": "sha1-6L0O/uWPz/b4+UUQoKVUu/ojVEk=",
          "requires": {
            "lru-cache": "^4.0.1",
            "shebang-command": "^1.2.0",
            "which": "^1.2.9"
          }
        },
        "execa": {
          "version": "0.8.0",
          "resolved": "https://registry.npmjs.org/execa/-/execa-0.8.0.tgz",
          "integrity": "sha1-2NdrvBtVIX7RkP1t1J08d07PyNo=",
          "requires": {
            "cross-spawn": "^5.0.1",
            "get-stream": "^3.0.0",
            "is-stream": "^1.1.0",
            "npm-run-path": "^2.0.0",
            "p-finally": "^1.0.0",
            "signal-exit": "^3.0.0",
            "strip-eof": "^1.0.0"
          },
          "dependencies": {
            "get-stream": {
              "version": "3.0.0",
              "resolved": "https://registry.npmjs.org/get-stream/-/get-stream-3.0.0.tgz",
              "integrity": "sha1-jpQ9E1jcN1VQVOy+LtsFqhdO3hQ="
            },
            "strip-eof": {
              "version": "1.0.0",
              "resolved": "http://registry.npmjs.org/strip-eof/-/strip-eof-1.0.0.tgz",
              "integrity": "sha1-u0P/VZim6wXYm1n80SnJgzE2Br8="
            }
          }
        }
      }
    },
    "commander": {
      "version": "2.19.0",
      "resolved": "https://registry.npmjs.org/commander/-/commander-2.19.0.tgz",
      "integrity": "sha512-6tvAOO+D6OENvRAh524Dh9jcfKTYDQAqvqezbCW82xj5X0pSrcpxtvRKHLG0yBY6SD7PSDrJaj+0AiOcKVd1Xg=="
    },
    "cross-spawn": {
      "version": "6.0.5",
      "resolved": "https://registry.npmjs.org/cross-spawn/-/cross-spawn-6.0.5.tgz",
      "integrity": "sha512-eTVLrBSt7fjbDygz805pMnstIs2VTBNkRm0qxZd+M7A5XDdxVRWO5MxGBXZhjY4cqLYLdtrGqRf8mBPmzwSpWQ==",
      "requires": {
        "nice-try": "^1.0.4",
        "path-key": "^2.0.1",
        "semver": "^5.5.0",
        "shebang-command": "^1.2.0",
        "which": "^1.2.9"
      }
    },
    "end-of-stream": {
      "version": "1.4.1",
      "resolved": "https://registry.npmjs.org/end-of-stream/-/end-of-stream-1.4.1.tgz",
      "integrity": "sha512-1MkrZNvWTKCaigbn+W15elq2BB/L22nqrSY5DKlo3X6+vclJm8Bb5djXJBmEX6fS3+zCh/F4VBK5Z2KxJt4s2Q==",
      "requires": {
        "once": "^1.4.0"
      }
    },
    "entities": {
      "version": "1.1.2",
      "resolved": "https://registry.npmjs.org/entities/-/entities-1.1.2.tgz",
      "integrity": "sha512-f2LZMYl1Fzu7YSBKg+RoROelpOaNrcGmE9AZubeDfrCEia483oW4MI4VyFd5VNHIgQ/7qm1I0wUHK1eJnn2y2w=="
    },
    "execa": {
      "version": "1.0.0",
      "resolved": "https://registry.npmjs.org/execa/-/execa-1.0.0.tgz",
      "integrity": "sha512-adbxcyWV46qiHyvSp50TKt05tB4tK3HcmF7/nxfAdhnox83seTDbwnaqKO4sXRy7roHAIFqJP/Rw/AuEbX61LA==",
      "requires": {
        "cross-spawn": "^6.0.0",
        "get-stream": "^4.0.0",
        "is-stream": "^1.1.0",
        "npm-run-path": "^2.0.0",
        "p-finally": "^1.0.0",
        "signal-exit": "^3.0.0",
        "strip-eof": "^1.0.0"
      },
      "dependencies": {
        "strip-eof": {
          "version": "1.0.0",
          "resolved": "http://registry.npmjs.org/strip-eof/-/strip-eof-1.0.0.tgz",
          "integrity": "sha1-u0P/VZim6wXYm1n80SnJgzE2Br8="
        }
      }
    },
    "get-stream": {
      "version": "4.1.0",
      "resolved": "https://registry.npmjs.org/get-stream/-/get-stream-4.1.0.tgz",
      "integrity": "sha512-GMat4EJ5161kIy2HevLlr4luNjBgvmj413KaQA7jt4V8B4RDsfpHk7WQ9GVqfYyyx8OS/L66Kox+rJRNklLK7w==",
      "requires": {
        "pump": "^3.0.0"
      }
    },
    "is-stream": {
      "version": "1.1.0",
      "resolved": "https://registry.npmjs.org/is-stream/-/is-stream-1.1.0.tgz",
      "integrity": "sha1-EtSj3U5o4Lec6428hBc66A2RykQ="
    },
    "isexe": {
      "version": "2.0.0",
      "resolved": "https://registry.npmjs.org/isexe/-/isexe-2.0.0.tgz",
      "integrity": "sha1-6PvzdNxVb/iUehDcsFctYz8s+hA="
    },
    "katex": {
      "version": "0.10.0",
      "resolved": "https://registry.npmjs.org/katex/-/katex-0.10.0.tgz",
      "integrity": "sha512-/WRvx+L1eVBrLwX7QzKU1dQuaGnE7E8hDvx3VWfZh9HbMiCfsKWJNnYZ0S8ZMDAfAyDSofdyXIrH/hujF1fYXg==",
      "requires": {
        "commander": "^2.16.0"
      }
    },
    "linkify-it": {
      "version": "2.1.0",
      "resolved": "https://registry.npmjs.org/linkify-it/-/linkify-it-2.1.0.tgz",
      "integrity": "sha512-4REs8/062kV2DSHxNfq5183zrqXMl7WP0WzABH9IeJI+NLm429FgE1PDecltYfnOoFDFlZGh2T8PfZn0r+GTRg==",
      "requires": {
        "uc.micro": "^1.0.1"
      }
    },
    "lru-cache": {
      "version": "4.1.5",
      "resolved": "https://registry.npmjs.org/lru-cache/-/lru-cache-4.1.5.tgz",
      "integrity": "sha512-sWZlbEP2OsHNkXrMl5GYk/jKk70MBng6UU4YI/qGDYbgf6YbP4EvmqISbXCoJiRKs+1bSpFHVgQxvJ17F2li5g==",
      "requires": {
        "pseudomap": "^1.0.2",
        "yallist": "^2.1.2"
      },
      "dependencies": {
        "yallist": {
          "version": "2.1.2",
          "resolved": "https://registry.npmjs.org/yallist/-/yallist-2.1.2.tgz",
          "integrity": "sha1-HBH5IY8HYImkfdUS+TxmmaaoHVI="
        }
      }
    },
    "markdown-it": {
      "version": "8.4.2",
      "resolved": "https://registry.npmjs.org/markdown-it/-/markdown-it-8.4.2.tgz",
      "integrity": "sha512-GcRz3AWTqSUphY3vsUqQSFMbgR38a4Lh3GWlHRh/7MRwz8mcu9n2IO7HOh+bXHrR9kOPDl5RNCaEsrneb+xhHQ==",
      "requires": {
        "argparse": "^1.0.7",
        "entities": "~1.1.1",
        "linkify-it": "^2.0.0",
        "mdurl": "^1.0.1",
        "uc.micro": "^1.0.5"
      }
    },
    "markdown-it-texmath": {
      "version": "0.5.4",
      "resolved": "https://registry.npmjs.org/markdown-it-texmath/-/markdown-it-texmath-0.5.4.tgz",
      "integrity": "sha512-dFnpBTpXs7uksF+P3ZzfHiObYM/0lrujrPZ2wPVMyOciijoUaa1dQh3ovhbByL0/Nk6244YGtyOcx4qOSp/SyA=="
    },
    "match-at": {
      "version": "0.1.1",
      "resolved": "https://registry.npmjs.org/match-at/-/match-at-0.1.1.tgz",
      "integrity": "sha1-JdBA0pF3dwTV5lVru3kjDsLeBUA="
    },
    "mdurl": {
      "version": "1.0.1",
      "resolved": "https://registry.npmjs.org/mdurl/-/mdurl-1.0.1.tgz",
      "integrity": "sha1-/oWy7HWlkDfyrf7BAP1sYBdhFS4="
    },
    "minimist": {
      "version": "0.0.8",
      "resolved": "http://registry.npmjs.org/minimist/-/minimist-0.0.8.tgz",
      "integrity": "sha1-hX/Kv8M5fSYluCKCYuhqp6ARsF0="
    },
    "mkdirp": {
      "version": "0.5.1",
      "resolved": "http://registry.npmjs.org/mkdirp/-/mkdirp-0.5.1.tgz",
      "integrity": "sha1-MAV0OOrGz3+MR2fzhkjWaX11yQM=",
      "requires": {
        "minimist": "0.0.8"
      }
    },
    "nice-try": {
      "version": "1.0.4",
      "resolved": "https://registry.npmjs.org/nice-try/-/nice-try-1.0.4.tgz",
      "integrity": "sha512-2NpiFHqC87y/zFke0fC0spBXL3bBsoh/p5H1EFhshxjCR5+0g2d6BiXbUFz9v1sAcxsk2htp2eQnNIci2dIYcA=="
    },
    "npm-run-path": {
      "version": "2.0.2",
      "resolved": "https://registry.npmjs.org/npm-run-path/-/npm-run-path-2.0.2.tgz",
      "integrity": "sha1-NakjLfo11wZ7TLLd8jV7GHFTbF8=",
      "requires": {
        "path-key": "^2.0.0"
      }
    },
    "once": {
      "version": "1.4.0",
      "resolved": "https://registry.npmjs.org/once/-/once-1.4.0.tgz",
      "integrity": "sha1-WDsap3WWHUsROsF9nFC6753Xa9E=",
      "requires": {
        "wrappy": "1"
      }
    },
    "p-finally": {
      "version": "1.0.0",
      "resolved": "https://registry.npmjs.org/p-finally/-/p-finally-1.0.0.tgz",
      "integrity": "sha1-P7z7FbiZpEEjs0ttzBi3JDNqLK4="
    },
    "path-key": {
      "version": "2.0.1",
      "resolved": "https://registry.npmjs.org/path-key/-/path-key-2.0.1.tgz",
      "integrity": "sha1-QRyttXTFoUDTpLGRDUDYDMn0C0A="
    },
    "pseudomap": {
      "version": "1.0.2",
      "resolved": "https://registry.npmjs.org/pseudomap/-/pseudomap-1.0.2.tgz",
      "integrity": "sha1-8FKijacOYYkX7wqKw0wa5aaChrM="
    },
    "pump": {
      "version": "3.0.0",
      "resolved": "https://registry.npmjs.org/pump/-/pump-3.0.0.tgz",
      "integrity": "sha512-LwZy+p3SFs1Pytd/jYct4wpv49HiYCqd9Rlc5ZVdk0V+8Yzv6jR5Blk3TRmPL1ft69TxP0IMZGJ+WPFU2BFhww==",
      "requires": {
        "end-of-stream": "^1.1.0",
        "once": "^1.3.1"
      }
    },
    "semver": {
      "version": "5.5.0",
      "resolved": "https://registry.npmjs.org/semver/-/semver-5.5.0.tgz",
      "integrity": "sha512-4SJ3dm0WAwWy/NVeioZh5AntkdJoWKxHxcmyP622fOkgHa4z3R0TdBJICINyaSDE6uNwVc8gZr+ZinwZAH4xIA=="
    },
    "shebang-command": {
      "version": "1.2.0",
      "resolved": "https://registry.npmjs.org/shebang-command/-/shebang-command-1.2.0.tgz",
      "integrity": "sha1-RKrGW2lbAzmJaMOfNj/uXer98eo=",
      "requires": {
        "shebang-regex": "^1.0.0"
      },
      "dependencies": {
        "shebang-regex": {
          "version": "1.0.0",
          "resolved": "https://registry.npmjs.org/shebang-regex/-/shebang-regex-1.0.0.tgz",
          "integrity": "sha1-2kL0l0DAtC2yypcoVxyxkMmO/qM="
        }
      }
    },
    "shebang-regex": {
      "version": "2.0.0",
      "resolved": "https://registry.npmjs.org/shebang-regex/-/shebang-regex-2.0.0.tgz",
      "integrity": "sha1-9QC/aFG2E1YjYWfeLMMZsP1/BoE="
    },
    "signal-exit": {
      "version": "3.0.2",
      "resolved": "https://registry.npmjs.org/signal-exit/-/signal-exit-3.0.2.tgz",
      "integrity": "sha1-tf3AjxKH6hF4Yo5BXiUTK3NkbG0="
    },
    "sprintf-js": {
      "version": "1.1.2",
      "resolved": "https://registry.npmjs.org/sprintf-js/-/sprintf-js-1.1.2.tgz",
      "integrity": "sha512-VE0SOVEHCk7Qc8ulkWw3ntAzXuqf7S2lvwQaDLRnUeIEaKNQJzV6BwmLKhOqT61aGhfUMrXeaBk+oDGCzvhcug=="
    },
    "strip-eof": {
      "version": "2.0.0",
      "resolved": "https://registry.npmjs.org/strip-eof/-/strip-eof-2.0.0.tgz",
      "integrity": "sha512-zLsJC+5P5hGu4Zmoq6I4uo6bTf1Nx6Z/vnZedxwnrcfkc38Vz6UiuqGOtS9bewFaoTCDErpqkV7v02htp9KEow=="
    },
    "uc.micro": {
      "version": "1.0.5",
      "resolved": "https://registry.npmjs.org/uc.micro/-/uc.micro-1.0.5.tgz",
      "integrity": "sha1-DGXxX4FaoItWCmHOi023/8P0U3Y="
    },
    "which": {
      "version": "1.3.1",
      "resolved": "https://registry.npmjs.org/which/-/which-1.3.1.tgz",
      "integrity": "sha512-HxJdYWq1MTIQbJ3nw0cqssHoTNU267KlrDuGZ1WYlxDStUtKUhOaJmh112/TZmHxxUfuJqPXSOm7tDyas0OSIQ==",
      "requires": {
        "isexe": "^2.0.0"
      }
    },
    "wrappy": {
      "version": "1.0.2",
      "resolved": "https://registry.npmjs.org/wrappy/-/wrappy-1.0.2.tgz",
      "integrity": "sha1-tSQ9jz7BqjXxNkYFvA0QNuMKtp8="
    },
    "yallist": {
      "version": "3.0.3",
      "resolved": "https://registry.npmjs.org/yallist/-/yallist-3.0.3.tgz",
      "integrity": "sha512-S+Zk8DEWE6oKpV+vI3qWkaK+jSbIK86pCwe2IF/xwIpQ8jEuxpw9NyaGjmp9+BoJv5FV2piqCDcoCtStppiq2A=="
    }
  }
}
