{
	"name": "mdmath",
	"version": "2.6.0",
	"lockfileVersion": 2,
	"requires": true,
	"packages": {
		"": {
			"version": "2.6.0",
			"hasInstallScript": true,
			"license": "MIT",
			"dependencies": {
				"argparse": "^1.0.9",
				"commander": "^2.20.3",
				"entities": "^2.0.3",
				"katex": "^0.13.11",
				"linkify-it": "^2.2.0",
				"markdown-it": "^12.0.6",
				"markdown-it-texmath": "^0.9.0",
				"mdurl": "^1.0.1",
				"uc.micro": "^1.0.6"
			},
			"devDependencies": {
				"@types/vscode": "^1.45.0"
			},
			"engines": {
				"vscode": "^1.45.0"
			}
		},
		"node_modules/@types/vscode": {
			"version": "1.56.0",
			"resolved": "https://registry.npmjs.org/@types/vscode/-/vscode-1.56.0.tgz",
			"integrity": "sha512-Q5VmQxOx+L1Y6lIJiGcJzwcyV3pQo/eiW8P+7sNLhFI16tJCwtua2DLjHRcpjbCLNVYpQM73kzfFo1Z0HyP9eQ==",
			"dev": true
		},
		"node_modules/argparse": {
			"version": "1.0.10",
			"resolved": "https://registry.npmjs.org/argparse/-/argparse-1.0.10.tgz",
			"integrity": "sha512-o5Roy6tNG4SL/FOkCAN6RzjiakZS25RLYFrcMttJqbdd8BWrnA+fGz57iN5Pb06pvBGvl5gQ0B48dJlslXvoTg==",
			"dependencies": {
				"sprintf-js": "~1.0.2"
			}
		},
		"node_modules/commander": {
			"version": "2.20.3",
			"resolved": "https://registry.npmjs.org/commander/-/commander-2.20.3.tgz",
			"integrity": "sha512-GpVkmM8vF2vQUkj2LvZmD35JxeJOLCwJ9cUkugyk2nuhbv3+mJvpLYYt+0+USMxE+oj+ey/lJEnhZw75x/OMcQ=="
		},
		"node_modules/entities": {
			"version": "2.2.0",
			"resolved": "https://registry.npmjs.org/entities/-/entities-2.2.0.tgz",
			"integrity": "sha512-p92if5Nz619I0w+akJrLZH0MX0Pb5DX39XOwQTtXSdQQOaYH03S1uIQp4mhOZtAXrxq4ViO67YTiLBo2638o9A==",
			"funding": {
				"url": "https://github.com/fb55/entities?sponsor=1"
			}
		},
		"node_modules/katex": {
			"version": "0.13.11",
			"resolved": "https://registry.npmjs.org/katex/-/katex-0.13.11.tgz",
			"integrity": "sha512-yJBHVIgwlAaapzlbvTpVF/ZOs8UkTj/sd46Fl8+qAf2/UiituPYVeapVD8ADZtqyRg/qNWUKt7gJoyYVWLrcXw==",
			"dependencies": {
				"commander": "^6.0.0"
			},
			"bin": {
				"katex": "cli.js"
			}
		},
		"node_modules/katex/node_modules/commander": {
			"version": "6.2.1",
			"resolved": "https://registry.npmjs.org/commander/-/commander-6.2.1.tgz",
			"integrity": "sha512-U7VdrJFnJgo4xjrHpTzu0yrHPGImdsmD95ZlgYSEajAn2JKzDhDTPG9kBTefmObL2w/ngeZnilk+OV9CG3d7UA==",
			"engines": {
				"node": ">= 6"
			}
		},
		"node_modules/linkify-it": {
			"version": "2.2.0",
			"resolved": "https://registry.npmjs.org/linkify-it/-/linkify-it-2.2.0.tgz",
			"integrity": "sha512-GnAl/knGn+i1U/wjBz3akz2stz+HrHLsxMwHQGofCDfPvlf+gDKN58UtfmUquTY4/MXeE2x7k19KQmeoZi94Iw==",
			"dependencies": {
				"uc.micro": "^1.0.1"
			}
		},
		"node_modules/markdown-it": {
			"version": "12.0.6",
			"resolved": "https://registry.npmjs.org/markdown-it/-/markdown-it-12.0.6.tgz",
			"integrity": "sha512-qv3sVLl4lMT96LLtR7xeRJX11OUFjsaD5oVat2/SNBIb21bJXwal2+SklcRbTwGwqWpWH/HRtYavOoJE+seL8w==",
			"license": "MIT",
			"dependencies": {
				"argparse": "^2.0.1",
				"entities": "~2.1.0",
				"linkify-it": "^3.0.1",
				"mdurl": "^1.0.1",
				"uc.micro": "^1.0.5"
			},
			"bin": {
				"markdown-it": "bin/markdown-it.js"
			}
		},
		"node_modules/markdown-it-texmath": {
			"version": "0.9.0",
			"resolved": "https://registry.npmjs.org/markdown-it-texmath/-/markdown-it-texmath-0.9.0.tgz",
			"integrity": "sha512-UFVsLXmxf7MTtNs62PAK46QBc9Z9neM7ZnK2sObodVZvRWazRzp9FQ/crz9FJNeoGaSKhwtTifgUOOrVSw7NWg==",
			"license": "MIT"
		},
		"node_modules/markdown-it/node_modules/argparse": {
			"version": "2.0.1",
			"resolved": "https://registry.npmjs.org/argparse/-/argparse-2.0.1.tgz",
			"integrity": "sha512-8+9WqebbFzpX9OR+Wa6O29asIogeRMzcGtAINdpMHHyAg10f05aSFVBbcEqGf/PXw1EjAZ+q2/bEBg3DvurK3Q=="
		},
		"node_modules/markdown-it/node_modules/entities": {
			"version": "2.1.0",
			"resolved": "https://registry.npmjs.org/entities/-/entities-2.1.0.tgz",
			"integrity": "sha512-hCx1oky9PFrJ611mf0ifBLBRW8lUUVRlFolb5gWRfIELabBlbp9xZvrqZLZAs+NxFnbfQoeGd8wDkygjg7U85w==",
			"funding": {
				"url": "https://github.com/fb55/entities?sponsor=1"
			}
		},
		"node_modules/markdown-it/node_modules/linkify-it": {
			"version": "3.0.2",
			"resolved": "https://registry.npmjs.org/linkify-it/-/linkify-it-3.0.2.tgz",
			"integrity": "sha512-gDBO4aHNZS6coiZCKVhSNh43F9ioIL4JwRjLZPkoLIY4yZFwg264Y5lu2x6rb1Js42Gh6Yqm2f6L2AJcnkzinQ==",
			"dependencies": {
				"uc.micro": "^1.0.1"
			}
		},
		"node_modules/mdurl": {
			"version": "1.0.1",
			"resolved": "https://registry.npmjs.org/mdurl/-/mdurl-1.0.1.tgz",
			"integrity": "sha1-/oWy7HWlkDfyrf7BAP1sYBdhFS4="
		},
		"node_modules/sprintf-js": {
			"version": "1.0.3",
			"resolved": "https://registry.npmjs.org/sprintf-js/-/sprintf-js-1.0.3.tgz",
			"integrity": "sha1-BOaSb2YolTVPPdAVIDYzuFcpfiw="
		},
		"node_modules/uc.micro": {
			"version": "1.0.6",
			"resolved": "https://registry.npmjs.org/uc.micro/-/uc.micro-1.0.6.tgz",
			"integrity": "sha512-8Y75pvTYkLJW2hWQHXxoqRgV7qb9B+9vFEtidML+7koHUFapnVJAZ6cKs+Qjz5Aw3aZWHMC6u0wJE3At+nSGwA=="
		}
	},
	"dependencies": {
		"@types/vscode": {
			"version": "1.56.0",
			"resolved": "https://registry.npmjs.org/@types/vscode/-/vscode-1.56.0.tgz",
			"integrity": "sha512-Q5VmQxOx+L1Y6lIJiGcJzwcyV3pQo/eiW8P+7sNLhFI16tJCwtua2DLjHRcpjbCLNVYpQM73kzfFo1Z0HyP9eQ==",
			"dev": true
		},
		"argparse": {
			"version": "1.0.10",
			"resolved": "https://registry.npmjs.org/argparse/-/argparse-1.0.10.tgz",
			"integrity": "sha512-o5Roy6tNG4SL/FOkCAN6RzjiakZS25RLYFrcMttJqbdd8BWrnA+fGz57iN5Pb06pvBGvl5gQ0B48dJlslXvoTg==",
			"requires": {
				"sprintf-js": "~1.0.2"
			}
		},
		"commander": {
			"version": "2.20.3",
			"resolved": "https://registry.npmjs.org/commander/-/commander-2.20.3.tgz",
			"integrity": "sha512-GpVkmM8vF2vQUkj2LvZmD35JxeJOLCwJ9cUkugyk2nuhbv3+mJvpLYYt+0+USMxE+oj+ey/lJEnhZw75x/OMcQ=="
		},
		"entities": {
			"version": "2.2.0",
			"resolved": "https://registry.npmjs.org/entities/-/entities-2.2.0.tgz",
			"integrity": "sha512-p92if5Nz619I0w+akJrLZH0MX0Pb5DX39XOwQTtXSdQQOaYH03S1uIQp4mhOZtAXrxq4ViO67YTiLBo2638o9A=="
		},
		"katex": {
			"version": "0.13.11",
			"resolved": "https://registry.npmjs.org/katex/-/katex-0.13.11.tgz",
			"integrity": "sha512-yJBHVIgwlAaapzlbvTpVF/ZOs8UkTj/sd46Fl8+qAf2/UiituPYVeapVD8ADZtqyRg/qNWUKt7gJoyYVWLrcXw==",
			"requires": {
				"commander": "^6.0.0"
			},
			"dependencies": {
				"commander": {
					"version": "6.2.1",
					"resolved": "https://registry.npmjs.org/commander/-/commander-6.2.1.tgz",
					"integrity": "sha512-U7VdrJFnJgo4xjrHpTzu0yrHPGImdsmD95ZlgYSEajAn2JKzDhDTPG9kBTefmObL2w/ngeZnilk+OV9CG3d7UA=="
				}
			}
		},
		"linkify-it": {
			"version": "2.2.0",
			"resolved": "https://registry.npmjs.org/linkify-it/-/linkify-it-2.2.0.tgz",
			"integrity": "sha512-GnAl/knGn+i1U/wjBz3akz2stz+HrHLsxMwHQGofCDfPvlf+gDKN58UtfmUquTY4/MXeE2x7k19KQmeoZi94Iw==",
			"requires": {
				"uc.micro": "^1.0.1"
			}
		},
		"markdown-it": {
			"version": "12.0.6",
			"resolved": "https://registry.npmjs.org/markdown-it/-/markdown-it-12.0.6.tgz",
			"integrity": "sha512-qv3sVLl4lMT96LLtR7xeRJX11OUFjsaD5oVat2/SNBIb21bJXwal2+SklcRbTwGwqWpWH/HRtYavOoJE+seL8w==",
			"requires": {
				"argparse": "^2.0.1",
				"entities": "~2.1.0",
				"linkify-it": "^3.0.1",
				"mdurl": "^1.0.1",
				"uc.micro": "^1.0.5"
			},
			"dependencies": {
				"argparse": {
					"version": "2.0.1",
					"resolved": "https://registry.npmjs.org/argparse/-/argparse-2.0.1.tgz",
					"integrity": "sha512-8+9WqebbFzpX9OR+Wa6O29asIogeRMzcGtAINdpMHHyAg10f05aSFVBbcEqGf/PXw1EjAZ+q2/bEBg3DvurK3Q=="
				},
				"entities": {
					"version": "2.1.0",
					"resolved": "https://registry.npmjs.org/entities/-/entities-2.1.0.tgz",
					"integrity": "sha512-hCx1oky9PFrJ611mf0ifBLBRW8lUUVRlFolb5gWRfIELabBlbp9xZvrqZLZAs+NxFnbfQoeGd8wDkygjg7U85w=="
				},
				"linkify-it": {
					"version": "3.0.2",
					"resolved": "https://registry.npmjs.org/linkify-it/-/linkify-it-3.0.2.tgz",
					"integrity": "sha512-gDBO4aHNZS6coiZCKVhSNh43F9ioIL4JwRjLZPkoLIY4yZFwg264Y5lu2x6rb1Js42Gh6Yqm2f6L2AJcnkzinQ==",
					"requires": {
						"uc.micro": "^1.0.1"
					}
				}
			}
		},
		"markdown-it-texmath": {
			"version": "0.9.0",
			"resolved": "https://registry.npmjs.org/markdown-it-texmath/-/markdown-it-texmath-0.9.0.tgz",
			"integrity": "sha512-UFVsLXmxf7MTtNs62PAK46QBc9Z9neM7ZnK2sObodVZvRWazRzp9FQ/crz9FJNeoGaSKhwtTifgUOOrVSw7NWg=="
		},
		"mdurl": {
			"version": "1.0.1",
			"resolved": "https://registry.npmjs.org/mdurl/-/mdurl-1.0.1.tgz",
			"integrity": "sha1-/oWy7HWlkDfyrf7BAP1sYBdhFS4="
		},
		"sprintf-js": {
			"version": "1.0.3",
			"resolved": "https://registry.npmjs.org/sprintf-js/-/sprintf-js-1.0.3.tgz",
			"integrity": "sha1-BOaSb2YolTVPPdAVIDYzuFcpfiw="
		},
		"uc.micro": {
			"version": "1.0.6",
			"resolved": "https://registry.npmjs.org/uc.micro/-/uc.micro-1.0.6.tgz",
			"integrity": "sha512-8Y75pvTYkLJW2hWQHXxoqRgV7qb9B+9vFEtidML+7koHUFapnVJAZ6cKs+Qjz5Aw3aZWHMC6u0wJE3At+nSGwA=="
		}
	}
}
